Microsoft Visual Studio Solution File, Format Version 11.00
# Visual Studio 2008

Project("{E1388D20-B454-537D-8FD5-1BD6742AE01B}") = "TowerClimb", "Assembly-CSharp.csproj", "{58D97D26-30E5-B0EC-DFEE-14AAFE175260}"
EndProject
Global
	GlobalSection(SolutionConfigurationPlatforms) = preSolution
		Debug|Any CPU = Debug|Any CPU
		Release|Any CPU = Release|Any CPU
	EndGlobalSection
	GlobalSection(ProjectConfigurationPlatforms) = postSolution
		{58D97D26-30E5-B0EC-DFEE-14AAFE175260}.Debug|Any CPU.ActiveCfg = Debug|Any CPU
		{58D97D26-30E5-B0EC-DFEE-14AAFE175260}.Debug|Any CPU.Build.0 = Debug|Any CPU
		{58D97D26-30E5-B0EC-DFEE-14AAFE175260}.Release|Any CPU.ActiveCfg = Release|Any CPU
		{58D97D26-30E5-B0EC-DFEE-14AAFE175260}.Release|Any CPU.Build.0 = Release|Any CPU
	EndGlobalSection
	GlobalSection(SolutionProperties) = preSolution
		HideSolutionNode = FALSE
	EndGlobalSection
	GlobalSection(MonoDevelopProperties) = preSolution
		StartupItem = Assembly-CSharp.csproj
	EndGlobalSection
EndGlobal
